
Microsoft Visual Studio Solution File, Format Version 12.00
# Visual Studio 15
VisualStudioVersion = 15.0.28307.271
MinimumVisualStudioVersion = 10.0.40219.1
Project("{FAE04EC0-301F-11D3-BF4B-00C04F79EFBC}") = "flagsgame", "flagsgame\flagsgame.csproj", "{053D6068-83EB-4AB8-95AC-D8291EEBDFB9}"
EndProject
Global
	GlobalSection(SolutionConfigurationPlatforms) = preSolution
		Debug|Any CPU = Debug|Any CPU
		Release|Any CPU = Release|Any CPU
	EndGlobalSection
	GlobalSection(ProjectConfigurationPlatforms) = postSolution
		{053D6068-83EB-4AB8-95AC-D8291EEBDFB9}.Debug|Any CPU.ActiveCfg = Debug|Any CPU
		{053D6068-83EB-4AB8-95AC-D8291EEBDFB9}.Debug|Any CPU.Build.0 = Debug|Any CPU
		{053D6068-83EB-4AB8-95AC-D8291EEBDFB9}.Release|Any CPU.ActiveCfg = Release|Any CPU
		{053D6068-83EB-4AB8-95AC-D8291EEBDFB9}.Release|Any CPU.Build.0 = Release|Any CPU
	EndGlobalSection
	GlobalSection(SolutionProperties) = preSolution
		HideSolutionNode = FALSE
	EndGlobalSection
	GlobalSection(ExtensibilityGlobals) = postSolution
		SolutionGuid = {3F3B179F-5E54-465F-81CD-5E787060C858}
	EndGlobalSection
EndGlobal
